# THIS IS AN AUTOGENERATED FILE. DO NOT EDIT THIS FILE DIRECTLY.
# yarn lockfile v1


"@react-navigation/core@^3.7.0":
  version "3.7.0"
  resolved "https://registry.yarnpkg.com/@react-navigation/core/-/core-3.7.0.tgz#e184d1336c437828968917a21b06114c981b5035"
  integrity sha512-2qoGxNYmmN2ybgQGHrer2hIpL0QUEFTcaWZ6sAQs2jpVW97hwVETQPDJR93F+oVT09ClJtRWdQjy49S6ejidDw==
  dependencies:
    hoist-non-react-statics "^3.3.2"
    path-to-regexp "^1.8.0"
    query-string "^6.11.1"
    react-is "^16.13.0"

"@react-navigation/native@^3.7.5":
  version "3.7.5"
  resolved "https://registry.yarnpkg.com/@react-navigation/native/-/native-3.7.5.tgz#62395b07f0d049229a8ce6fd101b066b454e1cc5"
  integrity sha512-1DKRuUT7aD6F9T2Xoq0Bk010D9A4HWaxemU140wGqc8JeBTQGPxrIX3JI45Qcts4AK99EGcB0d9qPvf1PB1JdQ==
  dependencies:
    hoist-non-react-statics "^3.3.2"
    react-native-safe-area-view "^0.14.8"

decode-uri-component@^0.2.0:
  version "0.2.0"
  resolved "https://registry.yarnpkg.com/decode-uri-component/-/decode-uri-component-0.2.0.tgz#eb3913333458775cb84cd1a1fae062106bb87545"
  integrity sha1-6zkTMzRYd1y4TNGh+uBiEGu4dUU=

hoist-non-react-statics@^2.3.1:
  version "2.5.5"
  resolved "https://registry.yarnpkg.com/hoist-non-react-statics/-/hoist-non-react-statics-2.5.5.tgz#c5903cf409c0dfd908f388e619d86b9c1174cb47"
  integrity sha512-rqcy4pJo55FTTLWt+bU8ukscqHeE/e9KWvsOW2b/a3afxQZhwkQdT1rPPCJ0rYXdj4vNcasY8zHTH+jF/qStxw==

hoist-non-react-statics@^3.3.2:
  version "3.3.2"
  resolved "https://registry.yarnpkg.com/hoist-non-react-statics/-/hoist-non-react-statics-3.3.2.tgz#ece0acaf71d62c2969c2ec59feff42a4b1a85b45"
  integrity sha512-/gGivxi8JPKWNm/W0jSmzcMPpfpPLc3dY/6GxhX2hQ9iGj3aDfklV4ET7NjKpSinLpJ5vafa9iiGIEZg10SfBw==
  dependencies:
    react-is "^16.7.0"

isarray@0.0.1:
  version "0.0.1"
  resolved "https://registry.yarnpkg.com/isarray/-/isarray-0.0.1.tgz#8a18acfca9a8f4177e09abfc6038939b05d1eedf"
  integrity sha1-ihis/Kmo9Bd+Cav8YDiTmwXR7t8=

path-to-regexp@^1.8.0:
  version "1.8.0"
  resolved "https://registry.yarnpkg.com/path-to-regexp/-/path-to-regexp-1.8.0.tgz#887b3ba9d84393e87a0a0b9f4cb756198b53548a"
  integrity sha512-n43JRhlUKUAlibEJhPeir1ncUID16QnEjNpwzNdO3Lm4ywrBpBZ5oLD0I6br9evr1Y9JTqwRtAh7JLoOzAQdVA==
  dependencies:
    isarray "0.0.1"

query-string@^6.11.1:
  version "6.11.1"
  resolved "https://registry.yarnpkg.com/query-string/-/query-string-6.11.1.tgz#ab021f275d463ce1b61e88f0ce6988b3e8fe7c2c"
  integrity sha512-1ZvJOUl8ifkkBxu2ByVM/8GijMIPx+cef7u3yroO3Ogm4DOdZcF5dcrWTIlSHe3Pg/mtlt6/eFjObDfJureZZA==
  dependencies:
    decode-uri-component "^0.2.0"
    split-on-first "^1.0.0"
    strict-uri-encode "^2.0.0"

react-is@^16.13.0, react-is@^16.7.0:
  version "16.13.0"
  resolved "https://registry.yarnpkg.com/react-is/-/react-is-16.13.0.tgz#0f37c3613c34fe6b37cd7f763a0d6293ab15c527"
  integrity sha512-GFMtL0vHkiBv9HluwNZTggSn/sCyEt9n02aM0dSAjGGyqyNlAyftYm4phPxdvCigG15JreC5biwxCgTAJZ7yAA==

react-native-safe-area-view@^0.14.8:
  version "0.14.8"
  resolved "https://registry.yarnpkg.com/react-native-safe-area-view/-/react-native-safe-area-view-0.14.8.tgz#ef33c46ff8164ae77acad48c3039ec9c34873e5b"
  integrity sha512-MtRSIcZNstxv87Jet+UsPhEd1tpGe8cVskDXlP657x6rHpSrbrc+y13ZNXrwAgGNNhqQNX7UJT68ZIq//ZRmvw==
  dependencies:
    hoist-non-react-statics "^2.3.1"

react-navigation@^4.3.1:
  version "4.3.1"
  resolved "https://registry.yarnpkg.com/react-navigation/-/react-navigation-4.3.1.tgz#c89f7a6f609a65090d4085c22e01ee7def39e9ad"
  integrity sha512-ByeMP6ZVM1PvHzPfg3TmZ/hLaruGAEYOpoKVDvYYI3wFr8vePK+xeRhHaHgiXWo33EOrVsZ1z0yHU81Cp36MOw==
  dependencies:
    "@react-navigation/core" "^3.7.0"
    "@react-navigation/native" "^3.7.5"

split-on-first@^1.0.0:
  version "1.1.0"
  resolved "https://registry.yarnpkg.com/split-on-first/-/split-on-first-1.1.0.tgz#f610afeee3b12bce1d0c30425e76398b78249a5f"
  integrity sha512-43ZssAJaMusuKWL8sKUBQXHWOpq8d6CfN/u1p4gUzfJkM05C8rxTmYrkIPTXapZpORA6LkkzcUulJ8FqA7Uudw==

strict-uri-encode@^2.0.0:
  version "2.0.0"
  resolved "https://registry.yarnpkg.com/strict-uri-encode/-/strict-uri-encode-2.0.0.tgz#b9c7330c7042862f6b142dc274bbcc5866ce3546"
  integrity sha1-ucczDHBChi9rFC3CdLvMWGbONUY=
